
Microsoft Visual Studio Solution File, Format Version 12.00
# Visual Studio Version 16
VisualStudioVersion = 16.0.30114.105
MinimumVisualStudioVersion = 10.0.40219.1
Project("{2150E333-8FDC-42A3-9474-1A3956D46DE8}") = "framework", "framework", "{0117399F-5620-4AD1-BD14-AFC06CE13191}"
EndProject
Project("{778DAE3C-4631-46EA-AA77-85C1314464D9}") = "Core", "..\GCModeller\src\runtime\sciBASIC#\Microsoft.VisualBasic.Core\src\Core.vbproj", "{86C2F542-1A58-4401-A47A-A6450BE77FDD}"
EndProject
Project("{778DAE3C-4631-46EA-AA77-85C1314464D9}") = "Rsharp-netcore5", "..\GCModeller\src\R-sharp\R#\Rsharp-netcore5.vbproj", "{61B806AA-0F52-4E7F-B458-0A6DDC633687}"
EndProject
Project("{778DAE3C-4631-46EA-AA77-85C1314464D9}") = "academic", "src\academic.vbproj", "{938D8D8B-6CE7-459F-A0D0-D28B848FAEFA}"
EndProject
Global
	GlobalSection(SolutionConfigurationPlatforms) = preSolution
		BioDeep_database|Any CPU = BioDeep_database|Any CPU
		BioDeep_database|x64 = BioDeep_database|x64
		BioDeep_database|x86 = BioDeep_database|x86
		Biodeep_UNIX_x64|Any CPU = Biodeep_UNIX_x64|Any CPU
		Biodeep_UNIX_x64|x64 = Biodeep_UNIX_x64|x64
		Biodeep_UNIX_x64|x86 = Biodeep_UNIX_x64|x86
		Biodeep|Any CPU = Biodeep|Any CPU
		Biodeep|x64 = Biodeep|x64
		Biodeep|x86 = Biodeep|x86
		Biostack|Any CPU = Biostack|Any CPU
		Biostack|x64 = Biostack|x64
		Biostack|x86 = Biostack|x86
		Biostack-Debug|Any CPU = Biostack-Debug|Any CPU
		Biostack-Debug|x64 = Biostack-Debug|x64
		Biostack-Debug|x86 = Biostack-Debug|x86
		Debug|Any CPU = Debug|Any CPU
		Debug|x64 = Debug|x64
		Debug|x86 = Debug|x86
		DEMO|Any CPU = DEMO|Any CPU
		DEMO|x64 = DEMO|x64
		DEMO|x86 = DEMO|x86
		docs|Any CPU = docs|Any CPU
		docs|x64 = docs|x64
		docs|x86 = docs|x86
		GCModeller(Release_X64)|Any CPU = GCModeller(Release_X64)|Any CPU
		GCModeller(Release_X64)|x64 = GCModeller(Release_X64)|x64
		GCModeller(Release_X64)|x86 = GCModeller(Release_X64)|x86
		GCModeller(UNIX-Release_X64)|Any CPU = GCModeller(UNIX-Release_X64)|Any CPU
		GCModeller(UNIX-Release_X64)|x64 = GCModeller(UNIX-Release_X64)|x64
		GCModeller(UNIX-Release_X64)|x86 = GCModeller(UNIX-Release_X64)|x86
		GTA5-game-test|Any CPU = GTA5-game-test|Any CPU
		GTA5-game-test|x64 = GTA5-game-test|x64
		GTA5-game-test|x86 = GTA5-game-test|x86
		installer_x64|Any CPU = installer_x64|Any CPU
		installer_x64|x64 = installer_x64|x64
		installer_x64|x86 = installer_x64|x86
		LipidSearch|Any CPU = LipidSearch|Any CPU
		LipidSearch|x64 = LipidSearch|x64
		LipidSearch|x86 = LipidSearch|x86
		mysqli_X64_release|Any CPU = mysqli_X64_release|Any CPU
		mysqli_X64_release|x64 = mysqli_X64_release|x64
		mysqli_X64_release|x86 = mysqli_X64_release|x86
		mzkit|Any CPU = mzkit|Any CPU
		mzkit|x64 = mzkit|x64
		mzkit|x86 = mzkit|x86
		node-debug|Any CPU = node-debug|Any CPU
		node-debug|x64 = node-debug|x64
		node-debug|x86 = node-debug|x86
		NPSearch|Any CPU = NPSearch|Any CPU
		NPSearch|x64 = NPSearch|x64
		NPSearch|x86 = NPSearch|x86
		PlantMAT|Any CPU = PlantMAT|Any CPU
		PlantMAT|x64 = PlantMAT|x64
		PlantMAT|x86 = PlantMAT|x86
		ProteoWizard.d|Any CPU = ProteoWizard.d|Any CPU
		ProteoWizard.d|x64 = ProteoWizard.d|x64
		ProteoWizard.d|x86 = ProteoWizard.d|x86
		Publish|Any CPU = Publish|Any CPU
		Publish|x64 = Publish|x64
		Publish|x86 = Publish|x86
		Release|Any CPU = Release|Any CPU
		Release|x64 = Release|x64
		Release|x86 = Release|x86
		Rsharp_app_release|Any CPU = Rsharp_app_release|Any CPU
		Rsharp_app_release|x64 = Rsharp_app_release|x64
		Rsharp_app_release|x86 = Rsharp_app_release|x86
		sciBASIC.NET-test-release|Any CPU = sciBASIC.NET-test-release|Any CPU
		sciBASIC.NET-test-release|x64 = sciBASIC.NET-test-release|x64
		sciBASIC.NET-test-release|x86 = sciBASIC.NET-test-release|x86
		Surveillance-of-infectious-diseases|Any CPU = Surveillance-of-infectious-diseases|Any CPU
		Surveillance-of-infectious-diseases|x64 = Surveillance-of-infectious-diseases|x64
		Surveillance-of-infectious-diseases|x86 = Surveillance-of-infectious-diseases|x86
		test|Any CPU = test|Any CPU
		test|x64 = test|x64
		test|x86 = test|x86
		WebAssembly|Any CPU = WebAssembly|Any CPU
		WebAssembly|x64 = WebAssembly|x64
		WebAssembly|x86 = WebAssembly|x86
		Yilia-Release_x64|Any CPU = Yilia-Release_x64|Any CPU
		Yilia-Release_x64|x64 = Yilia-Release_x64|x64
		Yilia-Release_x64|x86 = Yilia-Release_x64|x86
	EndGlobalSection
	GlobalSection(ProjectConfigurationPlatforms) = postSolution
		{86C2F542-1A58-4401-A47A-A6450BE77FDD}.BioDeep_database|Any CPU.ActiveCfg = Debug|Any CPU
		{86C2F542-1A58-4401-A47A-A6450BE77FDD}.BioDeep_database|Any CPU.Build.0 = Debug|Any CPU
		{86C2F542-1A58-4401-A47A-A6450BE77FDD}.BioDeep_database|x64.ActiveCfg = Debug|x64
		{86C2F542-1A58-4401-A47A-A6450BE77FDD}.BioDeep_database|x64.Build.0 = Debug|x64
		{86C2F542-1A58-4401-A47A-A6450BE77FDD}.BioDeep_database|x86.ActiveCfg = Debug|Any CPU
		{86C2F542-1A58-4401-A47A-A6450BE77FDD}.BioDeep_database|x86.Build.0 = Debug|Any CPU
		{86C2F542-1A58-4401-A47A-A6450BE77FDD}.Biodeep_UNIX_x64|Any CPU.ActiveCfg = Debug|Any CPU
		{86C2F542-1A58-4401-A47A-A6450BE77FDD}.Biodeep_UNIX_x64|Any CPU.Build.0 = Debug|Any CPU
		{86C2F542-1A58-4401-A47A-A6450BE77FDD}.Biodeep_UNIX_x64|x64.ActiveCfg = Debug|x64
		{86C2F542-1A58-4401-A47A-A6450BE77FDD}.Biodeep_UNIX_x64|x64.Build.0 = Debug|x64
		{86C2F542-1A58-4401-A47A-A6450BE77FDD}.Biodeep_UNIX_x64|x86.ActiveCfg = Debug|Any CPU
		{86C2F542-1A58-4401-A47A-A6450BE77FDD}.Biodeep_UNIX_x64|x86.Build.0 = Debug|Any CPU
		{86C2F542-1A58-4401-A47A-A6450BE77FDD}.Biodeep|Any CPU.ActiveCfg = Debug|Any CPU
		{86C2F542-1A58-4401-A47A-A6450BE77FDD}.Biodeep|Any CPU.Build.0 = Debug|Any CPU
		{86C2F542-1A58-4401-A47A-A6450BE77FDD}.Biodeep|x64.ActiveCfg = Debug|x64
		{86C2F542-1A58-4401-A47A-A6450BE77FDD}.Biodeep|x64.Build.0 = Debug|x64
		{86C2F542-1A58-4401-A47A-A6450BE77FDD}.Biodeep|x86.ActiveCfg = Debug|Any CPU
		{86C2F542-1A58-4401-A47A-A6450BE77FDD}.Biodeep|x86.Build.0 = Debug|Any CPU
		{86C2F542-1A58-4401-A47A-A6450BE77FDD}.Biostack|Any CPU.ActiveCfg = Debug|Any CPU
		{86C2F542-1A58-4401-A47A-A6450BE77FDD}.Biostack|Any CPU.Build.0 = Debug|Any CPU
		{86C2F542-1A58-4401-A47A-A6450BE77FDD}.Biostack|x64.ActiveCfg = Debug|x64
		{86C2F542-1A58-4401-A47A-A6450BE77FDD}.Biostack|x64.Build.0 = Debug|x64
		{86C2F542-1A58-4401-A47A-A6450BE77FDD}.Biostack|x86.ActiveCfg = Debug|Any CPU
		{86C2F542-1A58-4401-A47A-A6450BE77FDD}.Biostack|x86.Build.0 = Debug|Any CPU
		{86C2F542-1A58-4401-A47A-A6450BE77FDD}.Biostack-Debug|Any CPU.ActiveCfg = Debug|Any CPU
		{86C2F542-1A58-4401-A47A-A6450BE77FDD}.Biostack-Debug|Any CPU.Build.0 = Debug|Any CPU
		{86C2F542-1A58-4401-A47A-A6450BE77FDD}.Biostack-Debug|x64.ActiveCfg = Debug|x64
		{86C2F542-1A58-4401-A47A-A6450BE77FDD}.Biostack-Debug|x64.Build.0 = Debug|x64
		{86C2F542-1A58-4401-A47A-A6450BE77FDD}.Biostack-Debug|x86.ActiveCfg = Debug|Any CPU
		{86C2F542-1A58-4401-A47A-A6450BE77FDD}.Biostack-Debug|x86.Build.0 = Debug|Any CPU
		{86C2F542-1A58-4401-A47A-A6450BE77FDD}.Debug|Any CPU.ActiveCfg = Debug|Any CPU
		{86C2F542-1A58-4401-A47A-A6450BE77FDD}.Debug|Any CPU.Build.0 = Debug|Any CPU
		{86C2F542-1A58-4401-A47A-A6450BE77FDD}.Debug|x64.ActiveCfg = Debug|x64
		{86C2F542-1A58-4401-A47A-A6450BE77FDD}.Debug|x64.Build.0 = Debug|x64
		{86C2F542-1A58-4401-A47A-A6450BE77FDD}.Debug|x86.ActiveCfg = Debug|Any CPU
		{86C2F542-1A58-4401-A47A-A6450BE77FDD}.Debug|x86.Build.0 = Debug|Any CPU
		{86C2F542-1A58-4401-A47A-A6450BE77FDD}.DEMO|Any CPU.ActiveCfg = Debug|Any CPU
		{86C2F542-1A58-4401-A47A-A6450BE77FDD}.DEMO|Any CPU.Build.0 = Debug|Any CPU
		{86C2F542-1A58-4401-A47A-A6450BE77FDD}.DEMO|x64.ActiveCfg = Debug|x64
		{86C2F542-1A58-4401-A47A-A6450BE77FDD}.DEMO|x64.Build.0 = Debug|x64
		{86C2F542-1A58-4401-A47A-A6450BE77FDD}.DEMO|x86.ActiveCfg = Debug|Any CPU
		{86C2F542-1A58-4401-A47A-A6450BE77FDD}.DEMO|x86.Build.0 = Debug|Any CPU
		{86C2F542-1A58-4401-A47A-A6450BE77FDD}.docs|Any CPU.ActiveCfg = Debug|Any CPU
		{86C2F542-1A58-4401-A47A-A6450BE77FDD}.docs|Any CPU.Build.0 = Debug|Any CPU
		{86C2F542-1A58-4401-A47A-A6450BE77FDD}.docs|x64.ActiveCfg = Debug|x64
		{86C2F542-1A58-4401-A47A-A6450BE77FDD}.docs|x64.Build.0 = Debug|x64
		{86C2F542-1A58-4401-A47A-A6450BE77FDD}.docs|x86.ActiveCfg = Debug|Any CPU
		{86C2F542-1A58-4401-A47A-A6450BE77FDD}.docs|x86.Build.0 = Debug|Any CPU
		{86C2F542-1A58-4401-A47A-A6450BE77FDD}.GCModeller(Release_X64)|Any CPU.ActiveCfg = Release|Any CPU
		{86C2F542-1A58-4401-A47A-A6450BE77FDD}.GCModeller(Release_X64)|Any CPU.Build.0 = Release|Any CPU
		{86C2F542-1A58-4401-A47A-A6450BE77FDD}.GCModeller(Release_X64)|x64.ActiveCfg = Release|x64
		{86C2F542-1A58-4401-A47A-A6450BE77FDD}.GCModeller(Release_X64)|x64.Build.0 = Release|x64
		{86C2F542-1A58-4401-A47A-A6450BE77FDD}.GCModeller(Release_X64)|x86.ActiveCfg = Release|Any CPU
		{86C2F542-1A58-4401-A47A-A6450BE77FDD}.GCModeller(Release_X64)|x86.Build.0 = Release|Any CPU
		{86C2F542-1A58-4401-A47A-A6450BE77FDD}.GCModeller(UNIX-Release_X64)|Any CPU.ActiveCfg = Release|Any CPU
		{86C2F542-1A58-4401-A47A-A6450BE77FDD}.GCModeller(UNIX-Release_X64)|Any CPU.Build.0 = Release|Any CPU
		{86C2F542-1A58-4401-A47A-A6450BE77FDD}.GCModeller(UNIX-Release_X64)|x64.ActiveCfg = Release|x64
		{86C2F542-1A58-4401-A47A-A6450BE77FDD}.GCModeller(UNIX-Release_X64)|x64.Build.0 = Release|x64
		{86C2F542-1A58-4401-A47A-A6450BE77FDD}.GCModeller(UNIX-Release_X64)|x86.ActiveCfg = Release|Any CPU
		{86C2F542-1A58-4401-A47A-A6450BE77FDD}.GCModeller(UNIX-Release_X64)|x86.Build.0 = Release|Any CPU
		{86C2F542-1A58-4401-A47A-A6450BE77FDD}.GTA5-game-test|Any CPU.ActiveCfg = Debug|Any CPU
		{86C2F542-1A58-4401-A47A-A6450BE77FDD}.GTA5-game-test|Any CPU.Build.0 = Debug|Any CPU
		{86C2F542-1A58-4401-A47A-A6450BE77FDD}.GTA5-game-test|x64.ActiveCfg = Debug|x64
		{86C2F542-1A58-4401-A47A-A6450BE77FDD}.GTA5-game-test|x64.Build.0 = Debug|x64
		{86C2F542-1A58-4401-A47A-A6450BE77FDD}.GTA5-game-test|x86.ActiveCfg = Debug|Any CPU
		{86C2F542-1A58-4401-A47A-A6450BE77FDD}.GTA5-game-test|x86.Build.0 = Debug|Any CPU
		{86C2F542-1A58-4401-A47A-A6450BE77FDD}.installer_x64|Any CPU.ActiveCfg = Debug|Any CPU
		{86C2F542-1A58-4401-A47A-A6450BE77FDD}.installer_x64|Any CPU.Build.0 = Debug|Any CPU
		{86C2F542-1A58-4401-A47A-A6450BE77FDD}.installer_x64|x64.ActiveCfg = Debug|x64
		{86C2F542-1A58-4401-A47A-A6450BE77FDD}.installer_x64|x64.Build.0 = Debug|x64
		{86C2F542-1A58-4401-A47A-A6450BE77FDD}.installer_x64|x86.ActiveCfg = Debug|Any CPU
		{86C2F542-1A58-4401-A47A-A6450BE77FDD}.installer_x64|x86.Build.0 = Debug|Any CPU
		{86C2F542-1A58-4401-A47A-A6450BE77FDD}.LipidSearch|Any CPU.ActiveCfg = LipidSearch|Any CPU
		{86C2F542-1A58-4401-A47A-A6450BE77FDD}.LipidSearch|Any CPU.Build.0 = LipidSearch|Any CPU
		{86C2F542-1A58-4401-A47A-A6450BE77FDD}.LipidSearch|x64.ActiveCfg = LipidSearch|x64
		{86C2F542-1A58-4401-A47A-A6450BE77FDD}.LipidSearch|x64.Build.0 = LipidSearch|x64
		{86C2F542-1A58-4401-A47A-A6450BE77FDD}.LipidSearch|x86.ActiveCfg = LipidSearch|Any CPU
		{86C2F542-1A58-4401-A47A-A6450BE77FDD}.LipidSearch|x86.Build.0 = LipidSearch|Any CPU
		{86C2F542-1A58-4401-A47A-A6450BE77FDD}.mysqli_X64_release|Any CPU.ActiveCfg = mzkit|Any CPU
		{86C2F542-1A58-4401-A47A-A6450BE77FDD}.mysqli_X64_release|Any CPU.Build.0 = mzkit|Any CPU
		{86C2F542-1A58-4401-A47A-A6450BE77FDD}.mysqli_X64_release|x64.ActiveCfg = mzkit|x64
		{86C2F542-1A58-4401-A47A-A6450BE77FDD}.mysqli_X64_release|x64.Build.0 = mzkit|x64
		{86C2F542-1A58-4401-A47A-A6450BE77FDD}.mysqli_X64_release|x86.ActiveCfg = mzkit|Any CPU
		{86C2F542-1A58-4401-A47A-A6450BE77FDD}.mysqli_X64_release|x86.Build.0 = mzkit|Any CPU
		{86C2F542-1A58-4401-A47A-A6450BE77FDD}.mzkit|Any CPU.ActiveCfg = mzkit|Any CPU
		{86C2F542-1A58-4401-A47A-A6450BE77FDD}.mzkit|Any CPU.Build.0 = mzkit|Any CPU
		{86C2F542-1A58-4401-A47A-A6450BE77FDD}.mzkit|x64.ActiveCfg = mzkit|x64
		{86C2F542-1A58-4401-A47A-A6450BE77FDD}.mzkit|x64.Build.0 = mzkit|x64
		{86C2F542-1A58-4401-A47A-A6450BE77FDD}.mzkit|x86.ActiveCfg = mzkit|Any CPU
		{86C2F542-1A58-4401-A47A-A6450BE77FDD}.mzkit|x86.Build.0 = mzkit|Any CPU
		{86C2F542-1A58-4401-A47A-A6450BE77FDD}.node-debug|Any CPU.ActiveCfg = NPSearch|Any CPU
		{86C2F542-1A58-4401-A47A-A6450BE77FDD}.node-debug|Any CPU.Build.0 = NPSearch|Any CPU
		{86C2F542-1A58-4401-A47A-A6450BE77FDD}.node-debug|x64.ActiveCfg = NPSearch|x64
		{86C2F542-1A58-4401-A47A-A6450BE77FDD}.node-debug|x64.Build.0 = NPSearch|x64
		{86C2F542-1A58-4401-A47A-A6450BE77FDD}.node-debug|x86.ActiveCfg = NPSearch|Any CPU
		{86C2F542-1A58-4401-A47A-A6450BE77FDD}.node-debug|x86.Build.0 = NPSearch|Any CPU
		{86C2F542-1A58-4401-A47A-A6450BE77FDD}.NPSearch|Any CPU.ActiveCfg = NPSearch|Any CPU
		{86C2F542-1A58-4401-A47A-A6450BE77FDD}.NPSearch|Any CPU.Build.0 = NPSearch|Any CPU
		{86C2F542-1A58-4401-A47A-A6450BE77FDD}.NPSearch|x64.ActiveCfg = NPSearch|x64
		{86C2F542-1A58-4401-A47A-A6450BE77FDD}.NPSearch|x64.Build.0 = NPSearch|x64
		{86C2F542-1A58-4401-A47A-A6450BE77FDD}.NPSearch|x86.ActiveCfg = NPSearch|Any CPU
		{86C2F542-1A58-4401-A47A-A6450BE77FDD}.NPSearch|x86.Build.0 = NPSearch|Any CPU
		{86C2F542-1A58-4401-A47A-A6450BE77FDD}.PlantMAT|Any CPU.ActiveCfg = PlantMAT|Any CPU
		{86C2F542-1A58-4401-A47A-A6450BE77FDD}.PlantMAT|Any CPU.Build.0 = PlantMAT|Any CPU
		{86C2F542-1A58-4401-A47A-A6450BE77FDD}.PlantMAT|x64.ActiveCfg = PlantMAT|x64
		{86C2F542-1A58-4401-A47A-A6450BE77FDD}.PlantMAT|x64.Build.0 = PlantMAT|x64
		{86C2F542-1A58-4401-A47A-A6450BE77FDD}.PlantMAT|x86.ActiveCfg = PlantMAT|Any CPU
		{86C2F542-1A58-4401-A47A-A6450BE77FDD}.PlantMAT|x86.Build.0 = PlantMAT|Any CPU
		{86C2F542-1A58-4401-A47A-A6450BE77FDD}.ProteoWizard.d|Any CPU.ActiveCfg = PlantMAT|Any CPU
		{86C2F542-1A58-4401-A47A-A6450BE77FDD}.ProteoWizard.d|Any CPU.Build.0 = PlantMAT|Any CPU
		{86C2F542-1A58-4401-A47A-A6450BE77FDD}.ProteoWizard.d|x64.ActiveCfg = PlantMAT|x64
		{86C2F542-1A58-4401-A47A-A6450BE77FDD}.ProteoWizard.d|x64.Build.0 = PlantMAT|x64
		{86C2F542-1A58-4401-A47A-A6450BE77FDD}.ProteoWizard.d|x86.ActiveCfg = PlantMAT|Any CPU
		{86C2F542-1A58-4401-A47A-A6450BE77FDD}.ProteoWizard.d|x86.Build.0 = PlantMAT|Any CPU
		{86C2F542-1A58-4401-A47A-A6450BE77FDD}.Publish|Any CPU.ActiveCfg = PlantMAT|Any CPU
		{86C2F542-1A58-4401-A47A-A6450BE77FDD}.Publish|Any CPU.Build.0 = PlantMAT|Any CPU
		{86C2F542-1A58-4401-A47A-A6450BE77FDD}.Publish|x64.ActiveCfg = PlantMAT|x64
		{86C2F542-1A58-4401-A47A-A6450BE77FDD}.Publish|x64.Build.0 = PlantMAT|x64
		{86C2F542-1A58-4401-A47A-A6450BE77FDD}.Publish|x86.ActiveCfg = PlantMAT|Any CPU
		{86C2F542-1A58-4401-A47A-A6450BE77FDD}.Publish|x86.Build.0 = PlantMAT|Any CPU
		{86C2F542-1A58-4401-A47A-A6450BE77FDD}.Release|Any CPU.ActiveCfg = Release|Any CPU
		{86C2F542-1A58-4401-A47A-A6450BE77FDD}.Release|Any CPU.Build.0 = Release|Any CPU
		{86C2F542-1A58-4401-A47A-A6450BE77FDD}.Release|x64.ActiveCfg = Release|x64
		{86C2F542-1A58-4401-A47A-A6450BE77FDD}.Release|x64.Build.0 = Release|x64
		{86C2F542-1A58-4401-A47A-A6450BE77FDD}.Release|x86.ActiveCfg = Release|Any CPU
		{86C2F542-1A58-4401-A47A-A6450BE77FDD}.Release|x86.Build.0 = Release|Any CPU
		{86C2F542-1A58-4401-A47A-A6450BE77FDD}.Rsharp_app_release|Any CPU.ActiveCfg = Rsharp_app_release|Any CPU
		{86C2F542-1A58-4401-A47A-A6450BE77FDD}.Rsharp_app_release|Any CPU.Build.0 = Rsharp_app_release|Any CPU
		{86C2F542-1A58-4401-A47A-A6450BE77FDD}.Rsharp_app_release|x64.ActiveCfg = Rsharp_app_release|x64
		{86C2F542-1A58-4401-A47A-A6450BE77FDD}.Rsharp_app_release|x64.Build.0 = Rsharp_app_release|x64
		{86C2F542-1A58-4401-A47A-A6450BE77FDD}.Rsharp_app_release|x86.ActiveCfg = Rsharp_app_release|Any CPU
		{86C2F542-1A58-4401-A47A-A6450BE77FDD}.Rsharp_app_release|x86.Build.0 = Rsharp_app_release|Any CPU
		{86C2F542-1A58-4401-A47A-A6450BE77FDD}.sciBASIC.NET-test-release|Any CPU.ActiveCfg = Debug|Any CPU
		{86C2F542-1A58-4401-A47A-A6450BE77FDD}.sciBASIC.NET-test-release|Any CPU.Build.0 = Debug|Any CPU
		{86C2F542-1A58-4401-A47A-A6450BE77FDD}.sciBASIC.NET-test-release|x64.ActiveCfg = Debug|x64
		{86C2F542-1A58-4401-A47A-A6450BE77FDD}.sciBASIC.NET-test-release|x64.Build.0 = Debug|x64
		{86C2F542-1A58-4401-A47A-A6450BE77FDD}.sciBASIC.NET-test-release|x86.ActiveCfg = Debug|Any CPU
		{86C2F542-1A58-4401-A47A-A6450BE77FDD}.sciBASIC.NET-test-release|x86.Build.0 = Debug|Any CPU
		{86C2F542-1A58-4401-A47A-A6450BE77FDD}.Surveillance-of-infectious-diseases|Any CPU.ActiveCfg = Debug|Any CPU
		{86C2F542-1A58-4401-A47A-A6450BE77FDD}.Surveillance-of-infectious-diseases|Any CPU.Build.0 = Debug|Any CPU
		{86C2F542-1A58-4401-A47A-A6450BE77FDD}.Surveillance-of-infectious-diseases|x64.ActiveCfg = Debug|x64
		{86C2F542-1A58-4401-A47A-A6450BE77FDD}.Surveillance-of-infectious-diseases|x64.Build.0 = Debug|x64
		{86C2F542-1A58-4401-A47A-A6450BE77FDD}.Surveillance-of-infectious-diseases|x86.ActiveCfg = Debug|Any CPU
		{86C2F542-1A58-4401-A47A-A6450BE77FDD}.Surveillance-of-infectious-diseases|x86.Build.0 = Debug|Any CPU
		{86C2F542-1A58-4401-A47A-A6450BE77FDD}.test|Any CPU.ActiveCfg = Debug|Any CPU
		{86C2F542-1A58-4401-A47A-A6450BE77FDD}.test|Any CPU.Build.0 = Debug|Any CPU
		{86C2F542-1A58-4401-A47A-A6450BE77FDD}.test|x64.ActiveCfg = Debug|x64
		{86C2F542-1A58-4401-A47A-A6450BE77FDD}.test|x64.Build.0 = Debug|x64
		{86C2F542-1A58-4401-A47A-A6450BE77FDD}.test|x86.ActiveCfg = Debug|Any CPU
		{86C2F542-1A58-4401-A47A-A6450BE77FDD}.test|x86.Build.0 = Debug|Any CPU
		{86C2F542-1A58-4401-A47A-A6450BE77FDD}.WebAssembly|Any CPU.ActiveCfg = Debug|Any CPU
		{86C2F542-1A58-4401-A47A-A6450BE77FDD}.WebAssembly|Any CPU.Build.0 = Debug|Any CPU
		{86C2F542-1A58-4401-A47A-A6450BE77FDD}.WebAssembly|x64.ActiveCfg = Debug|x64
		{86C2F542-1A58-4401-A47A-A6450BE77FDD}.WebAssembly|x64.Build.0 = Debug|x64
		{86C2F542-1A58-4401-A47A-A6450BE77FDD}.WebAssembly|x86.ActiveCfg = Debug|Any CPU
		{86C2F542-1A58-4401-A47A-A6450BE77FDD}.WebAssembly|x86.Build.0 = Debug|Any CPU
		{86C2F542-1A58-4401-A47A-A6450BE77FDD}.Yilia-Release_x64|Any CPU.ActiveCfg = Release|Any CPU
		{86C2F542-1A58-4401-A47A-A6450BE77FDD}.Yilia-Release_x64|Any CPU.Build.0 = Release|Any CPU
		{86C2F542-1A58-4401-A47A-A6450BE77FDD}.Yilia-Release_x64|x64.ActiveCfg = Release|x64
		{86C2F542-1A58-4401-A47A-A6450BE77FDD}.Yilia-Release_x64|x64.Build.0 = Release|x64
		{86C2F542-1A58-4401-A47A-A6450BE77FDD}.Yilia-Release_x64|x86.ActiveCfg = Release|Any CPU
		{86C2F542-1A58-4401-A47A-A6450BE77FDD}.Yilia-Release_x64|x86.Build.0 = Release|Any CPU
		{61B806AA-0F52-4E7F-B458-0A6DDC633687}.BioDeep_database|Any CPU.ActiveCfg = Debug|Any CPU
		{61B806AA-0F52-4E7F-B458-0A6DDC633687}.BioDeep_database|Any CPU.Build.0 = Debug|Any CPU
		{61B806AA-0F52-4E7F-B458-0A6DDC633687}.BioDeep_database|x64.ActiveCfg = Debug|x64
		{61B806AA-0F52-4E7F-B458-0A6DDC633687}.BioDeep_database|x64.Build.0 = Debug|x64
		{61B806AA-0F52-4E7F-B458-0A6DDC633687}.BioDeep_database|x86.ActiveCfg = Debug|Any CPU
		{61B806AA-0F52-4E7F-B458-0A6DDC633687}.BioDeep_database|x86.Build.0 = Debug|Any CPU
		{61B806AA-0F52-4E7F-B458-0A6DDC633687}.Biodeep_UNIX_x64|Any CPU.ActiveCfg = Debug|Any CPU
		{61B806AA-0F52-4E7F-B458-0A6DDC633687}.Biodeep_UNIX_x64|Any CPU.Build.0 = Debug|Any CPU
		{61B806AA-0F52-4E7F-B458-0A6DDC633687}.Biodeep_UNIX_x64|x64.ActiveCfg = Debug|x64
		{61B806AA-0F52-4E7F-B458-0A6DDC633687}.Biodeep_UNIX_x64|x64.Build.0 = Debug|x64
		{61B806AA-0F52-4E7F-B458-0A6DDC633687}.Biodeep_UNIX_x64|x86.ActiveCfg = Debug|Any CPU
		{61B806AA-0F52-4E7F-B458-0A6DDC633687}.Biodeep_UNIX_x64|x86.Build.0 = Debug|Any CPU
		{61B806AA-0F52-4E7F-B458-0A6DDC633687}.Biodeep|Any CPU.ActiveCfg = Debug|Any CPU
		{61B806AA-0F52-4E7F-B458-0A6DDC633687}.Biodeep|Any CPU.Build.0 = Debug|Any CPU
		{61B806AA-0F52-4E7F-B458-0A6DDC633687}.Biodeep|x64.ActiveCfg = Debug|x64
		{61B806AA-0F52-4E7F-B458-0A6DDC633687}.Biodeep|x64.Build.0 = Debug|x64
		{61B806AA-0F52-4E7F-B458-0A6DDC633687}.Biodeep|x86.ActiveCfg = Debug|Any CPU
		{61B806AA-0F52-4E7F-B458-0A6DDC633687}.Biodeep|x86.Build.0 = Debug|Any CPU
		{61B806AA-0F52-4E7F-B458-0A6DDC633687}.Biostack|Any CPU.ActiveCfg = Debug|Any CPU
		{61B806AA-0F52-4E7F-B458-0A6DDC633687}.Biostack|Any CPU.Build.0 = Debug|Any CPU
		{61B806AA-0F52-4E7F-B458-0A6DDC633687}.Biostack|x64.ActiveCfg = Debug|x64
		{61B806AA-0F52-4E7F-B458-0A6DDC633687}.Biostack|x64.Build.0 = Debug|x64
		{61B806AA-0F52-4E7F-B458-0A6DDC633687}.Biostack|x86.ActiveCfg = Debug|Any CPU
		{61B806AA-0F52-4E7F-B458-0A6DDC633687}.Biostack|x86.Build.0 = Debug|Any CPU
		{61B806AA-0F52-4E7F-B458-0A6DDC633687}.Biostack-Debug|Any CPU.ActiveCfg = Debug|Any CPU
		{61B806AA-0F52-4E7F-B458-0A6DDC633687}.Biostack-Debug|Any CPU.Build.0 = Debug|Any CPU
		{61B806AA-0F52-4E7F-B458-0A6DDC633687}.Biostack-Debug|x64.ActiveCfg = Debug|x64
		{61B806AA-0F52-4E7F-B458-0A6DDC633687}.Biostack-Debug|x64.Build.0 = Debug|x64
		{61B806AA-0F52-4E7F-B458-0A6DDC633687}.Biostack-Debug|x86.ActiveCfg = Debug|Any CPU
		{61B806AA-0F52-4E7F-B458-0A6DDC633687}.Biostack-Debug|x86.Build.0 = Debug|Any CPU
		{61B806AA-0F52-4E7F-B458-0A6DDC633687}.Debug|Any CPU.ActiveCfg = Debug|Any CPU
		{61B806AA-0F52-4E7F-B458-0A6DDC633687}.Debug|Any CPU.Build.0 = Debug|Any CPU
		{61B806AA-0F52-4E7F-B458-0A6DDC633687}.Debug|x64.ActiveCfg = Debug|x64
		{61B806AA-0F52-4E7F-B458-0A6DDC633687}.Debug|x64.Build.0 = Debug|x64
		{61B806AA-0F52-4E7F-B458-0A6DDC633687}.Debug|x86.ActiveCfg = Debug|Any CPU
		{61B806AA-0F52-4E7F-B458-0A6DDC633687}.Debug|x86.Build.0 = Debug|Any CPU
		{61B806AA-0F52-4E7F-B458-0A6DDC633687}.DEMO|Any CPU.ActiveCfg = Debug|Any CPU
		{61B806AA-0F52-4E7F-B458-0A6DDC633687}.DEMO|Any CPU.Build.0 = Debug|Any CPU
		{61B806AA-0F52-4E7F-B458-0A6DDC633687}.DEMO|x64.ActiveCfg = Debug|x64
		{61B806AA-0F52-4E7F-B458-0A6DDC633687}.DEMO|x64.Build.0 = Debug|x64
		{61B806AA-0F52-4E7F-B458-0A6DDC633687}.DEMO|x86.ActiveCfg = Debug|Any CPU
		{61B806AA-0F52-4E7F-B458-0A6DDC633687}.DEMO|x86.Build.0 = Debug|Any CPU
		{61B806AA-0F52-4E7F-B458-0A6DDC633687}.docs|Any CPU.ActiveCfg = Debug|Any CPU
		{61B806AA-0F52-4E7F-B458-0A6DDC633687}.docs|Any CPU.Build.0 = Debug|Any CPU
		{61B806AA-0F52-4E7F-B458-0A6DDC633687}.docs|x64.ActiveCfg = Debug|x64
		{61B806AA-0F52-4E7F-B458-0A6DDC633687}.docs|x64.Build.0 = Debug|x64
		{61B806AA-0F52-4E7F-B458-0A6DDC633687}.docs|x86.ActiveCfg = Debug|Any CPU
		{61B806AA-0F52-4E7F-B458-0A6DDC633687}.docs|x86.Build.0 = Debug|Any CPU
		{61B806AA-0F52-4E7F-B458-0A6DDC633687}.GCModeller(Release_X64)|Any CPU.ActiveCfg = Release|Any CPU
		{61B806AA-0F52-4E7F-B458-0A6DDC633687}.GCModeller(Release_X64)|Any CPU.Build.0 = Release|Any CPU
		{61B806AA-0F52-4E7F-B458-0A6DDC633687}.GCModeller(Release_X64)|x64.ActiveCfg = Release|x64
		{61B806AA-0F52-4E7F-B458-0A6DDC633687}.GCModeller(Release_X64)|x64.Build.0 = Release|x64
		{61B806AA-0F52-4E7F-B458-0A6DDC633687}.GCModeller(Release_X64)|x86.ActiveCfg = Release|Any CPU
		{61B806AA-0F52-4E7F-B458-0A6DDC633687}.GCModeller(Release_X64)|x86.Build.0 = Release|Any CPU
		{61B806AA-0F52-4E7F-B458-0A6DDC633687}.GCModeller(UNIX-Release_X64)|Any CPU.ActiveCfg = Release|Any CPU
		{61B806AA-0F52-4E7F-B458-0A6DDC633687}.GCModeller(UNIX-Release_X64)|Any CPU.Build.0 = Release|Any CPU
		{61B806AA-0F52-4E7F-B458-0A6DDC633687}.GCModeller(UNIX-Release_X64)|x64.ActiveCfg = Release|x64
		{61B806AA-0F52-4E7F-B458-0A6DDC633687}.GCModeller(UNIX-Release_X64)|x64.Build.0 = Release|x64
		{61B806AA-0F52-4E7F-B458-0A6DDC633687}.GCModeller(UNIX-Release_X64)|x86.ActiveCfg = Release|Any CPU
		{61B806AA-0F52-4E7F-B458-0A6DDC633687}.GCModeller(UNIX-Release_X64)|x86.Build.0 = Release|Any CPU
		{61B806AA-0F52-4E7F-B458-0A6DDC633687}.GTA5-game-test|Any CPU.ActiveCfg = Debug|Any CPU
		{61B806AA-0F52-4E7F-B458-0A6DDC633687}.GTA5-game-test|Any CPU.Build.0 = Debug|Any CPU
		{61B806AA-0F52-4E7F-B458-0A6DDC633687}.GTA5-game-test|x64.ActiveCfg = Debug|x64
		{61B806AA-0F52-4E7F-B458-0A6DDC633687}.GTA5-game-test|x64.Build.0 = Debug|x64
		{61B806AA-0F52-4E7F-B458-0A6DDC633687}.GTA5-game-test|x86.ActiveCfg = Debug|Any CPU
		{61B806AA-0F52-4E7F-B458-0A6DDC633687}.GTA5-game-test|x86.Build.0 = Debug|Any CPU
		{61B806AA-0F52-4E7F-B458-0A6DDC633687}.installer_x64|Any CPU.ActiveCfg = Debug|Any CPU
		{61B806AA-0F52-4E7F-B458-0A6DDC633687}.installer_x64|Any CPU.Build.0 = Debug|Any CPU
		{61B806AA-0F52-4E7F-B458-0A6DDC633687}.installer_x64|x64.ActiveCfg = Debug|x64
		{61B806AA-0F52-4E7F-B458-0A6DDC633687}.installer_x64|x64.Build.0 = Debug|x64
		{61B806AA-0F52-4E7F-B458-0A6DDC633687}.installer_x64|x86.ActiveCfg = Debug|Any CPU
		{61B806AA-0F52-4E7F-B458-0A6DDC633687}.installer_x64|x86.Build.0 = Debug|Any CPU
		{61B806AA-0F52-4E7F-B458-0A6DDC633687}.LipidSearch|Any CPU.ActiveCfg = LipidSearch|Any CPU
		{61B806AA-0F52-4E7F-B458-0A6DDC633687}.LipidSearch|Any CPU.Build.0 = LipidSearch|Any CPU
		{61B806AA-0F52-4E7F-B458-0A6DDC633687}.LipidSearch|x64.ActiveCfg = LipidSearch|x64
		{61B806AA-0F52-4E7F-B458-0A6DDC633687}.LipidSearch|x64.Build.0 = LipidSearch|x64
		{61B806AA-0F52-4E7F-B458-0A6DDC633687}.LipidSearch|x86.ActiveCfg = LipidSearch|Any CPU
		{61B806AA-0F52-4E7F-B458-0A6DDC633687}.LipidSearch|x86.Build.0 = LipidSearch|Any CPU
		{61B806AA-0F52-4E7F-B458-0A6DDC633687}.mysqli_X64_release|Any CPU.ActiveCfg = mzkit|Any CPU
		{61B806AA-0F52-4E7F-B458-0A6DDC633687}.mysqli_X64_release|Any CPU.Build.0 = mzkit|Any CPU
		{61B806AA-0F52-4E7F-B458-0A6DDC633687}.mysqli_X64_release|x64.ActiveCfg = mzkit|x64
		{61B806AA-0F52-4E7F-B458-0A6DDC633687}.mysqli_X64_release|x64.Build.0 = mzkit|x64
		{61B806AA-0F52-4E7F-B458-0A6DDC633687}.mysqli_X64_release|x86.ActiveCfg = mzkit|Any CPU
		{61B806AA-0F52-4E7F-B458-0A6DDC633687}.mysqli_X64_release|x86.Build.0 = mzkit|Any CPU
		{61B806AA-0F52-4E7F-B458-0A6DDC633687}.mzkit|Any CPU.ActiveCfg = mzkit|Any CPU
		{61B806AA-0F52-4E7F-B458-0A6DDC633687}.mzkit|Any CPU.Build.0 = mzkit|Any CPU
		{61B806AA-0F52-4E7F-B458-0A6DDC633687}.mzkit|x64.ActiveCfg = mzkit|x64
		{61B806AA-0F52-4E7F-B458-0A6DDC633687}.mzkit|x64.Build.0 = mzkit|x64
		{61B806AA-0F52-4E7F-B458-0A6DDC633687}.mzkit|x86.ActiveCfg = mzkit|Any CPU
		{61B806AA-0F52-4E7F-B458-0A6DDC633687}.mzkit|x86.Build.0 = mzkit|Any CPU
		{61B806AA-0F52-4E7F-B458-0A6DDC633687}.node-debug|Any CPU.ActiveCfg = NPSearch|Any CPU
		{61B806AA-0F52-4E7F-B458-0A6DDC633687}.node-debug|Any CPU.Build.0 = NPSearch|Any CPU
		{61B806AA-0F52-4E7F-B458-0A6DDC633687}.node-debug|x64.ActiveCfg = NPSearch|x64
		{61B806AA-0F52-4E7F-B458-0A6DDC633687}.node-debug|x64.Build.0 = NPSearch|x64
		{61B806AA-0F52-4E7F-B458-0A6DDC633687}.node-debug|x86.ActiveCfg = NPSearch|Any CPU
		{61B806AA-0F52-4E7F-B458-0A6DDC633687}.node-debug|x86.Build.0 = NPSearch|Any CPU
		{61B806AA-0F52-4E7F-B458-0A6DDC633687}.NPSearch|Any CPU.ActiveCfg = NPSearch|Any CPU
		{61B806AA-0F52-4E7F-B458-0A6DDC633687}.NPSearch|Any CPU.Build.0 = NPSearch|Any CPU
		{61B806AA-0F52-4E7F-B458-0A6DDC633687}.NPSearch|x64.ActiveCfg = NPSearch|x64
		{61B806AA-0F52-4E7F-B458-0A6DDC633687}.NPSearch|x64.Build.0 = NPSearch|x64
		{61B806AA-0F52-4E7F-B458-0A6DDC633687}.NPSearch|x86.ActiveCfg = NPSearch|Any CPU
		{61B806AA-0F52-4E7F-B458-0A6DDC633687}.NPSearch|x86.Build.0 = NPSearch|Any CPU
		{61B806AA-0F52-4E7F-B458-0A6DDC633687}.PlantMAT|Any CPU.ActiveCfg = PlantMAT|Any CPU
		{61B806AA-0F52-4E7F-B458-0A6DDC633687}.PlantMAT|Any CPU.Build.0 = PlantMAT|Any CPU
		{61B806AA-0F52-4E7F-B458-0A6DDC633687}.PlantMAT|x64.ActiveCfg = PlantMAT|x64
		{61B806AA-0F52-4E7F-B458-0A6DDC633687}.PlantMAT|x64.Build.0 = PlantMAT|x64
		{61B806AA-0F52-4E7F-B458-0A6DDC633687}.PlantMAT|x86.ActiveCfg = PlantMAT|Any CPU
		{61B806AA-0F52-4E7F-B458-0A6DDC633687}.PlantMAT|x86.Build.0 = PlantMAT|Any CPU
		{61B806AA-0F52-4E7F-B458-0A6DDC633687}.ProteoWizard.d|Any CPU.ActiveCfg = PlantMAT|Any CPU
		{61B806AA-0F52-4E7F-B458-0A6DDC633687}.ProteoWizard.d|Any CPU.Build.0 = PlantMAT|Any CPU
		{61B806AA-0F52-4E7F-B458-0A6DDC633687}.ProteoWizard.d|x64.ActiveCfg = PlantMAT|x64
		{61B806AA-0F52-4E7F-B458-0A6DDC633687}.ProteoWizard.d|x64.Build.0 = PlantMAT|x64
		{61B806AA-0F52-4E7F-B458-0A6DDC633687}.ProteoWizard.d|x86.ActiveCfg = PlantMAT|Any CPU
		{61B806AA-0F52-4E7F-B458-0A6DDC633687}.ProteoWizard.d|x86.Build.0 = PlantMAT|Any CPU
		{61B806AA-0F52-4E7F-B458-0A6DDC633687}.Publish|Any CPU.ActiveCfg = PlantMAT|Any CPU
		{61B806AA-0F52-4E7F-B458-0A6DDC633687}.Publish|Any CPU.Build.0 = PlantMAT|Any CPU
		{61B806AA-0F52-4E7F-B458-0A6DDC633687}.Publish|x64.ActiveCfg = PlantMAT|x64
		{61B806AA-0F52-4E7F-B458-0A6DDC633687}.Publish|x64.Build.0 = PlantMAT|x64
		{61B806AA-0F52-4E7F-B458-0A6DDC633687}.Publish|x86.ActiveCfg = PlantMAT|Any CPU
		{61B806AA-0F52-4E7F-B458-0A6DDC633687}.Publish|x86.Build.0 = PlantMAT|Any CPU
		{61B806AA-0F52-4E7F-B458-0A6DDC633687}.Release|Any CPU.ActiveCfg = Release|Any CPU
		{61B806AA-0F52-4E7F-B458-0A6DDC633687}.Release|Any CPU.Build.0 = Release|Any CPU
		{61B806AA-0F52-4E7F-B458-0A6DDC633687}.Release|x64.ActiveCfg = Release|x64
		{61B806AA-0F52-4E7F-B458-0A6DDC633687}.Release|x64.Build.0 = Release|x64
		{61B806AA-0F52-4E7F-B458-0A6DDC633687}.Release|x86.ActiveCfg = Release|Any CPU
		{61B806AA-0F52-4E7F-B458-0A6DDC633687}.Release|x86.Build.0 = Release|Any CPU
		{61B806AA-0F52-4E7F-B458-0A6DDC633687}.Rsharp_app_release|Any CPU.ActiveCfg = Rsharp_app_release|Any CPU
		{61B806AA-0F52-4E7F-B458-0A6DDC633687}.Rsharp_app_release|Any CPU.Build.0 = Rsharp_app_release|Any CPU
		{61B806AA-0F52-4E7F-B458-0A6DDC633687}.Rsharp_app_release|x64.ActiveCfg = Rsharp_app_release|x64
		{61B806AA-0F52-4E7F-B458-0A6DDC633687}.Rsharp_app_release|x64.Build.0 = Rsharp_app_release|x64
		{61B806AA-0F52-4E7F-B458-0A6DDC633687}.Rsharp_app_release|x86.ActiveCfg = Rsharp_app_release|Any CPU
		{61B806AA-0F52-4E7F-B458-0A6DDC633687}.Rsharp_app_release|x86.Build.0 = Rsharp_app_release|Any CPU
		{61B806AA-0F52-4E7F-B458-0A6DDC633687}.sciBASIC.NET-test-release|Any CPU.ActiveCfg = Debug|Any CPU
		{61B806AA-0F52-4E7F-B458-0A6DDC633687}.sciBASIC.NET-test-release|Any CPU.Build.0 = Debug|Any CPU
		{61B806AA-0F52-4E7F-B458-0A6DDC633687}.sciBASIC.NET-test-release|x64.ActiveCfg = Debug|x64
		{61B806AA-0F52-4E7F-B458-0A6DDC633687}.sciBASIC.NET-test-release|x64.Build.0 = Debug|x64
		{61B806AA-0F52-4E7F-B458-0A6DDC633687}.sciBASIC.NET-test-release|x86.ActiveCfg = Debug|Any CPU
		{61B806AA-0F52-4E7F-B458-0A6DDC633687}.sciBASIC.NET-test-release|x86.Build.0 = Debug|Any CPU
		{61B806AA-0F52-4E7F-B458-0A6DDC633687}.Surveillance-of-infectious-diseases|Any CPU.ActiveCfg = Debug|Any CPU
		{61B806AA-0F52-4E7F-B458-0A6DDC633687}.Surveillance-of-infectious-diseases|Any CPU.Build.0 = Debug|Any CPU
		{61B806AA-0F52-4E7F-B458-0A6DDC633687}.Surveillance-of-infectious-diseases|x64.ActiveCfg = Debug|x64
		{61B806AA-0F52-4E7F-B458-0A6DDC633687}.Surveillance-of-infectious-diseases|x64.Build.0 = Debug|x64
		{61B806AA-0F52-4E7F-B458-0A6DDC633687}.Surveillance-of-infectious-diseases|x86.ActiveCfg = Debug|Any CPU
		{61B806AA-0F52-4E7F-B458-0A6DDC633687}.Surveillance-of-infectious-diseases|x86.Build.0 = Debug|Any CPU
		{61B806AA-0F52-4E7F-B458-0A6DDC633687}.test|Any CPU.ActiveCfg = Debug|Any CPU
		{61B806AA-0F52-4E7F-B458-0A6DDC633687}.test|Any CPU.Build.0 = Debug|Any CPU
		{61B806AA-0F52-4E7F-B458-0A6DDC633687}.test|x64.ActiveCfg = Debug|x64
		{61B806AA-0F52-4E7F-B458-0A6DDC633687}.test|x64.Build.0 = Debug|x64
		{61B806AA-0F52-4E7F-B458-0A6DDC633687}.test|x86.ActiveCfg = Debug|Any CPU
		{61B806AA-0F52-4E7F-B458-0A6DDC633687}.test|x86.Build.0 = Debug|Any CPU
		{61B806AA-0F52-4E7F-B458-0A6DDC633687}.WebAssembly|Any CPU.ActiveCfg = Debug|Any CPU
		{61B806AA-0F52-4E7F-B458-0A6DDC633687}.WebAssembly|Any CPU.Build.0 = Debug|Any CPU
		{61B806AA-0F52-4E7F-B458-0A6DDC633687}.WebAssembly|x64.ActiveCfg = Debug|x64
		{61B806AA-0F52-4E7F-B458-0A6DDC633687}.WebAssembly|x64.Build.0 = Debug|x64
		{61B806AA-0F52-4E7F-B458-0A6DDC633687}.WebAssembly|x86.ActiveCfg = Debug|Any CPU
		{61B806AA-0F52-4E7F-B458-0A6DDC633687}.WebAssembly|x86.Build.0 = Debug|Any CPU
		{61B806AA-0F52-4E7F-B458-0A6DDC633687}.Yilia-Release_x64|Any CPU.ActiveCfg = Release|Any CPU
		{61B806AA-0F52-4E7F-B458-0A6DDC633687}.Yilia-Release_x64|Any CPU.Build.0 = Release|Any CPU
		{61B806AA-0F52-4E7F-B458-0A6DDC633687}.Yilia-Release_x64|x64.ActiveCfg = Release|x64
		{61B806AA-0F52-4E7F-B458-0A6DDC633687}.Yilia-Release_x64|x64.Build.0 = Release|x64
		{61B806AA-0F52-4E7F-B458-0A6DDC633687}.Yilia-Release_x64|x86.ActiveCfg = Release|Any CPU
		{61B806AA-0F52-4E7F-B458-0A6DDC633687}.Yilia-Release_x64|x86.Build.0 = Release|Any CPU
		{938D8D8B-6CE7-459F-A0D0-D28B848FAEFA}.BioDeep_database|Any CPU.ActiveCfg = Debug|Any CPU
		{938D8D8B-6CE7-459F-A0D0-D28B848FAEFA}.BioDeep_database|Any CPU.Build.0 = Debug|Any CPU
		{938D8D8B-6CE7-459F-A0D0-D28B848FAEFA}.BioDeep_database|x64.ActiveCfg = Debug|x64
		{938D8D8B-6CE7-459F-A0D0-D28B848FAEFA}.BioDeep_database|x64.Build.0 = Debug|x64
		{938D8D8B-6CE7-459F-A0D0-D28B848FAEFA}.BioDeep_database|x86.ActiveCfg = Debug|Any CPU
		{938D8D8B-6CE7-459F-A0D0-D28B848FAEFA}.BioDeep_database|x86.Build.0 = Debug|Any CPU
		{938D8D8B-6CE7-459F-A0D0-D28B848FAEFA}.Biodeep_UNIX_x64|Any CPU.ActiveCfg = Debug|Any CPU
		{938D8D8B-6CE7-459F-A0D0-D28B848FAEFA}.Biodeep_UNIX_x64|Any CPU.Build.0 = Debug|Any CPU
		{938D8D8B-6CE7-459F-A0D0-D28B848FAEFA}.Biodeep_UNIX_x64|x64.ActiveCfg = Debug|x64
		{938D8D8B-6CE7-459F-A0D0-D28B848FAEFA}.Biodeep_UNIX_x64|x64.Build.0 = Debug|x64
		{938D8D8B-6CE7-459F-A0D0-D28B848FAEFA}.Biodeep_UNIX_x64|x86.ActiveCfg = Debug|Any CPU
		{938D8D8B-6CE7-459F-A0D0-D28B848FAEFA}.Biodeep_UNIX_x64|x86.Build.0 = Debug|Any CPU
		{938D8D8B-6CE7-459F-A0D0-D28B848FAEFA}.Biodeep|Any CPU.ActiveCfg = Debug|Any CPU
		{938D8D8B-6CE7-459F-A0D0-D28B848FAEFA}.Biodeep|Any CPU.Build.0 = Debug|Any CPU
		{938D8D8B-6CE7-459F-A0D0-D28B848FAEFA}.Biodeep|x64.ActiveCfg = Debug|x64
		{938D8D8B-6CE7-459F-A0D0-D28B848FAEFA}.Biodeep|x64.Build.0 = Debug|x64
		{938D8D8B-6CE7-459F-A0D0-D28B848FAEFA}.Biodeep|x86.ActiveCfg = Debug|Any CPU
		{938D8D8B-6CE7-459F-A0D0-D28B848FAEFA}.Biodeep|x86.Build.0 = Debug|Any CPU
		{938D8D8B-6CE7-459F-A0D0-D28B848FAEFA}.Biostack|Any CPU.ActiveCfg = Debug|Any CPU
		{938D8D8B-6CE7-459F-A0D0-D28B848FAEFA}.Biostack|Any CPU.Build.0 = Debug|Any CPU
		{938D8D8B-6CE7-459F-A0D0-D28B848FAEFA}.Biostack|x64.ActiveCfg = Debug|x64
		{938D8D8B-6CE7-459F-A0D0-D28B848FAEFA}.Biostack|x64.Build.0 = Debug|x64
		{938D8D8B-6CE7-459F-A0D0-D28B848FAEFA}.Biostack|x86.ActiveCfg = Debug|Any CPU
		{938D8D8B-6CE7-459F-A0D0-D28B848FAEFA}.Biostack|x86.Build.0 = Debug|Any CPU
		{938D8D8B-6CE7-459F-A0D0-D28B848FAEFA}.Biostack-Debug|Any CPU.ActiveCfg = Debug|Any CPU
		{938D8D8B-6CE7-459F-A0D0-D28B848FAEFA}.Biostack-Debug|Any CPU.Build.0 = Debug|Any CPU
		{938D8D8B-6CE7-459F-A0D0-D28B848FAEFA}.Biostack-Debug|x64.ActiveCfg = Debug|x64
		{938D8D8B-6CE7-459F-A0D0-D28B848FAEFA}.Biostack-Debug|x64.Build.0 = Debug|x64
		{938D8D8B-6CE7-459F-A0D0-D28B848FAEFA}.Biostack-Debug|x86.ActiveCfg = Debug|Any CPU
		{938D8D8B-6CE7-459F-A0D0-D28B848FAEFA}.Biostack-Debug|x86.Build.0 = Debug|Any CPU
		{938D8D8B-6CE7-459F-A0D0-D28B848FAEFA}.Debug|Any CPU.ActiveCfg = Debug|Any CPU
		{938D8D8B-6CE7-459F-A0D0-D28B848FAEFA}.Debug|Any CPU.Build.0 = Debug|Any CPU
		{938D8D8B-6CE7-459F-A0D0-D28B848FAEFA}.Debug|x64.ActiveCfg = Debug|x64
		{938D8D8B-6CE7-459F-A0D0-D28B848FAEFA}.Debug|x64.Build.0 = Debug|x64
		{938D8D8B-6CE7-459F-A0D0-D28B848FAEFA}.Debug|x86.ActiveCfg = Debug|Any CPU
		{938D8D8B-6CE7-459F-A0D0-D28B848FAEFA}.Debug|x86.Build.0 = Debug|Any CPU
		{938D8D8B-6CE7-459F-A0D0-D28B848FAEFA}.DEMO|Any CPU.ActiveCfg = Debug|Any CPU
		{938D8D8B-6CE7-459F-A0D0-D28B848FAEFA}.DEMO|Any CPU.Build.0 = Debug|Any CPU
		{938D8D8B-6CE7-459F-A0D0-D28B848FAEFA}.DEMO|x64.ActiveCfg = Debug|x64
		{938D8D8B-6CE7-459F-A0D0-D28B848FAEFA}.DEMO|x64.Build.0 = Debug|x64
		{938D8D8B-6CE7-459F-A0D0-D28B848FAEFA}.DEMO|x86.ActiveCfg = Debug|Any CPU
		{938D8D8B-6CE7-459F-A0D0-D28B848FAEFA}.DEMO|x86.Build.0 = Debug|Any CPU
		{938D8D8B-6CE7-459F-A0D0-D28B848FAEFA}.docs|Any CPU.ActiveCfg = Debug|Any CPU
		{938D8D8B-6CE7-459F-A0D0-D28B848FAEFA}.docs|Any CPU.Build.0 = Debug|Any CPU
		{938D8D8B-6CE7-459F-A0D0-D28B848FAEFA}.docs|x64.ActiveCfg = Debug|x64
		{938D8D8B-6CE7-459F-A0D0-D28B848FAEFA}.docs|x64.Build.0 = Debug|x64
		{938D8D8B-6CE7-459F-A0D0-D28B848FAEFA}.docs|x86.ActiveCfg = Debug|Any CPU
		{938D8D8B-6CE7-459F-A0D0-D28B848FAEFA}.docs|x86.Build.0 = Debug|Any CPU
		{938D8D8B-6CE7-459F-A0D0-D28B848FAEFA}.GCModeller(Release_X64)|Any CPU.ActiveCfg = Release|Any CPU
		{938D8D8B-6CE7-459F-A0D0-D28B848FAEFA}.GCModeller(Release_X64)|Any CPU.Build.0 = Release|Any CPU
		{938D8D8B-6CE7-459F-A0D0-D28B848FAEFA}.GCModeller(Release_X64)|x64.ActiveCfg = Release|x64
		{938D8D8B-6CE7-459F-A0D0-D28B848FAEFA}.GCModeller(Release_X64)|x64.Build.0 = Release|x64
		{938D8D8B-6CE7-459F-A0D0-D28B848FAEFA}.GCModeller(Release_X64)|x86.ActiveCfg = Release|Any CPU
		{938D8D8B-6CE7-459F-A0D0-D28B848FAEFA}.GCModeller(Release_X64)|x86.Build.0 = Release|Any CPU
		{938D8D8B-6CE7-459F-A0D0-D28B848FAEFA}.GCModeller(UNIX-Release_X64)|Any CPU.ActiveCfg = Release|Any CPU
		{938D8D8B-6CE7-459F-A0D0-D28B848FAEFA}.GCModeller(UNIX-Release_X64)|Any CPU.Build.0 = Release|Any CPU
		{938D8D8B-6CE7-459F-A0D0-D28B848FAEFA}.GCModeller(UNIX-Release_X64)|x64.ActiveCfg = Release|x64
		{938D8D8B-6CE7-459F-A0D0-D28B848FAEFA}.GCModeller(UNIX-Release_X64)|x64.Build.0 = Release|x64
		{938D8D8B-6CE7-459F-A0D0-D28B848FAEFA}.GCModeller(UNIX-Release_X64)|x86.ActiveCfg = Release|Any CPU
		{938D8D8B-6CE7-459F-A0D0-D28B848FAEFA}.GCModeller(UNIX-Release_X64)|x86.Build.0 = Release|Any CPU
		{938D8D8B-6CE7-459F-A0D0-D28B848FAEFA}.GTA5-game-test|Any CPU.ActiveCfg = Debug|Any CPU
		{938D8D8B-6CE7-459F-A0D0-D28B848FAEFA}.GTA5-game-test|Any CPU.Build.0 = Debug|Any CPU
		{938D8D8B-6CE7-459F-A0D0-D28B848FAEFA}.GTA5-game-test|x64.ActiveCfg = Debug|x64
		{938D8D8B-6CE7-459F-A0D0-D28B848FAEFA}.GTA5-game-test|x64.Build.0 = Debug|x64
		{938D8D8B-6CE7-459F-A0D0-D28B848FAEFA}.GTA5-game-test|x86.ActiveCfg = Debug|Any CPU
		{938D8D8B-6CE7-459F-A0D0-D28B848FAEFA}.GTA5-game-test|x86.Build.0 = Debug|Any CPU
		{938D8D8B-6CE7-459F-A0D0-D28B848FAEFA}.installer_x64|Any CPU.ActiveCfg = Debug|Any CPU
		{938D8D8B-6CE7-459F-A0D0-D28B848FAEFA}.installer_x64|Any CPU.Build.0 = Debug|Any CPU
		{938D8D8B-6CE7-459F-A0D0-D28B848FAEFA}.installer_x64|x64.ActiveCfg = Debug|x64
		{938D8D8B-6CE7-459F-A0D0-D28B848FAEFA}.installer_x64|x64.Build.0 = Debug|x64
		{938D8D8B-6CE7-459F-A0D0-D28B848FAEFA}.installer_x64|x86.ActiveCfg = Debug|Any CPU
		{938D8D8B-6CE7-459F-A0D0-D28B848FAEFA}.installer_x64|x86.Build.0 = Debug|Any CPU
		{938D8D8B-6CE7-459F-A0D0-D28B848FAEFA}.LipidSearch|Any CPU.ActiveCfg = LipidSearch|Any CPU
		{938D8D8B-6CE7-459F-A0D0-D28B848FAEFA}.LipidSearch|Any CPU.Build.0 = LipidSearch|Any CPU
		{938D8D8B-6CE7-459F-A0D0-D28B848FAEFA}.LipidSearch|x64.ActiveCfg = LipidSearch|x64
		{938D8D8B-6CE7-459F-A0D0-D28B848FAEFA}.LipidSearch|x64.Build.0 = LipidSearch|x64
		{938D8D8B-6CE7-459F-A0D0-D28B848FAEFA}.LipidSearch|x86.ActiveCfg = LipidSearch|Any CPU
		{938D8D8B-6CE7-459F-A0D0-D28B848FAEFA}.LipidSearch|x86.Build.0 = LipidSearch|Any CPU
		{938D8D8B-6CE7-459F-A0D0-D28B848FAEFA}.mysqli_X64_release|Any CPU.ActiveCfg = mzkit|Any CPU
		{938D8D8B-6CE7-459F-A0D0-D28B848FAEFA}.mysqli_X64_release|Any CPU.Build.0 = mzkit|Any CPU
		{938D8D8B-6CE7-459F-A0D0-D28B848FAEFA}.mysqli_X64_release|x64.ActiveCfg = mzkit|x64
		{938D8D8B-6CE7-459F-A0D0-D28B848FAEFA}.mysqli_X64_release|x64.Build.0 = mzkit|x64
		{938D8D8B-6CE7-459F-A0D0-D28B848FAEFA}.mysqli_X64_release|x86.ActiveCfg = mzkit|Any CPU
		{938D8D8B-6CE7-459F-A0D0-D28B848FAEFA}.mysqli_X64_release|x86.Build.0 = mzkit|Any CPU
		{938D8D8B-6CE7-459F-A0D0-D28B848FAEFA}.mzkit|Any CPU.ActiveCfg = mzkit|Any CPU
		{938D8D8B-6CE7-459F-A0D0-D28B848FAEFA}.mzkit|Any CPU.Build.0 = mzkit|Any CPU
		{938D8D8B-6CE7-459F-A0D0-D28B848FAEFA}.mzkit|x64.ActiveCfg = mzkit|x64
		{938D8D8B-6CE7-459F-A0D0-D28B848FAEFA}.mzkit|x64.Build.0 = mzkit|x64
		{938D8D8B-6CE7-459F-A0D0-D28B848FAEFA}.mzkit|x86.ActiveCfg = mzkit|Any CPU
		{938D8D8B-6CE7-459F-A0D0-D28B848FAEFA}.mzkit|x86.Build.0 = mzkit|Any CPU
		{938D8D8B-6CE7-459F-A0D0-D28B848FAEFA}.node-debug|Any CPU.ActiveCfg = NPSearch|Any CPU
		{938D8D8B-6CE7-459F-A0D0-D28B848FAEFA}.node-debug|Any CPU.Build.0 = NPSearch|Any CPU
		{938D8D8B-6CE7-459F-A0D0-D28B848FAEFA}.node-debug|x64.ActiveCfg = NPSearch|x64
		{938D8D8B-6CE7-459F-A0D0-D28B848FAEFA}.node-debug|x64.Build.0 = NPSearch|x64
		{938D8D8B-6CE7-459F-A0D0-D28B848FAEFA}.node-debug|x86.ActiveCfg = NPSearch|Any CPU
		{938D8D8B-6CE7-459F-A0D0-D28B848FAEFA}.node-debug|x86.Build.0 = NPSearch|Any CPU
		{938D8D8B-6CE7-459F-A0D0-D28B848FAEFA}.NPSearch|Any CPU.ActiveCfg = NPSearch|Any CPU
		{938D8D8B-6CE7-459F-A0D0-D28B848FAEFA}.NPSearch|Any CPU.Build.0 = NPSearch|Any CPU
		{938D8D8B-6CE7-459F-A0D0-D28B848FAEFA}.NPSearch|x64.ActiveCfg = NPSearch|x64
		{938D8D8B-6CE7-459F-A0D0-D28B848FAEFA}.NPSearch|x64.Build.0 = NPSearch|x64
		{938D8D8B-6CE7-459F-A0D0-D28B848FAEFA}.NPSearch|x86.ActiveCfg = NPSearch|Any CPU
		{938D8D8B-6CE7-459F-A0D0-D28B848FAEFA}.NPSearch|x86.Build.0 = NPSearch|Any CPU
		{938D8D8B-6CE7-459F-A0D0-D28B848FAEFA}.PlantMAT|Any CPU.ActiveCfg = PlantMAT|Any CPU
		{938D8D8B-6CE7-459F-A0D0-D28B848FAEFA}.PlantMAT|Any CPU.Build.0 = PlantMAT|Any CPU
		{938D8D8B-6CE7-459F-A0D0-D28B848FAEFA}.PlantMAT|x64.ActiveCfg = PlantMAT|x64
		{938D8D8B-6CE7-459F-A0D0-D28B848FAEFA}.PlantMAT|x64.Build.0 = PlantMAT|x64
		{938D8D8B-6CE7-459F-A0D0-D28B848FAEFA}.PlantMAT|x86.ActiveCfg = PlantMAT|Any CPU
		{938D8D8B-6CE7-459F-A0D0-D28B848FAEFA}.PlantMAT|x86.Build.0 = PlantMAT|Any CPU
		{938D8D8B-6CE7-459F-A0D0-D28B848FAEFA}.ProteoWizard.d|Any CPU.ActiveCfg = PlantMAT|Any CPU
		{938D8D8B-6CE7-459F-A0D0-D28B848FAEFA}.ProteoWizard.d|Any CPU.Build.0 = PlantMAT|Any CPU
		{938D8D8B-6CE7-459F-A0D0-D28B848FAEFA}.ProteoWizard.d|x64.ActiveCfg = PlantMAT|x64
		{938D8D8B-6CE7-459F-A0D0-D28B848FAEFA}.ProteoWizard.d|x64.Build.0 = PlantMAT|x64
		{938D8D8B-6CE7-459F-A0D0-D28B848FAEFA}.ProteoWizard.d|x86.ActiveCfg = PlantMAT|Any CPU
		{938D8D8B-6CE7-459F-A0D0-D28B848FAEFA}.ProteoWizard.d|x86.Build.0 = PlantMAT|Any CPU
		{938D8D8B-6CE7-459F-A0D0-D28B848FAEFA}.Publish|Any CPU.ActiveCfg = PlantMAT|Any CPU
		{938D8D8B-6CE7-459F-A0D0-D28B848FAEFA}.Publish|Any CPU.Build.0 = PlantMAT|Any CPU
		{938D8D8B-6CE7-459F-A0D0-D28B848FAEFA}.Publish|x64.ActiveCfg = PlantMAT|x64
		{938D8D8B-6CE7-459F-A0D0-D28B848FAEFA}.Publish|x64.Build.0 = PlantMAT|x64
		{938D8D8B-6CE7-459F-A0D0-D28B848FAEFA}.Publish|x86.ActiveCfg = PlantMAT|Any CPU
		{938D8D8B-6CE7-459F-A0D0-D28B848FAEFA}.Publish|x86.Build.0 = PlantMAT|Any CPU
		{938D8D8B-6CE7-459F-A0D0-D28B848FAEFA}.Release|Any CPU.ActiveCfg = Release|Any CPU
		{938D8D8B-6CE7-459F-A0D0-D28B848FAEFA}.Release|Any CPU.Build.0 = Release|Any CPU
		{938D8D8B-6CE7-459F-A0D0-D28B848FAEFA}.Release|x64.ActiveCfg = Release|x64
		{938D8D8B-6CE7-459F-A0D0-D28B848FAEFA}.Release|x64.Build.0 = Release|x64
		{938D8D8B-6CE7-459F-A0D0-D28B848FAEFA}.Release|x86.ActiveCfg = Release|Any CPU
		{938D8D8B-6CE7-459F-A0D0-D28B848FAEFA}.Release|x86.Build.0 = Release|Any CPU
		{938D8D8B-6CE7-459F-A0D0-D28B848FAEFA}.Rsharp_app_release|Any CPU.ActiveCfg = Rsharp_app_release|Any CPU
		{938D8D8B-6CE7-459F-A0D0-D28B848FAEFA}.Rsharp_app_release|Any CPU.Build.0 = Rsharp_app_release|Any CPU
		{938D8D8B-6CE7-459F-A0D0-D28B848FAEFA}.Rsharp_app_release|x64.ActiveCfg = Rsharp_app_release|x64
		{938D8D8B-6CE7-459F-A0D0-D28B848FAEFA}.Rsharp_app_release|x64.Build.0 = Rsharp_app_release|x64
		{938D8D8B-6CE7-459F-A0D0-D28B848FAEFA}.Rsharp_app_release|x86.ActiveCfg = Rsharp_app_release|Any CPU
		{938D8D8B-6CE7-459F-A0D0-D28B848FAEFA}.Rsharp_app_release|x86.Build.0 = Rsharp_app_release|Any CPU
		{938D8D8B-6CE7-459F-A0D0-D28B848FAEFA}.sciBASIC.NET-test-release|Any CPU.ActiveCfg = Debug|Any CPU
		{938D8D8B-6CE7-459F-A0D0-D28B848FAEFA}.sciBASIC.NET-test-release|Any CPU.Build.0 = Debug|Any CPU
		{938D8D8B-6CE7-459F-A0D0-D28B848FAEFA}.sciBASIC.NET-test-release|x64.ActiveCfg = Debug|x64
		{938D8D8B-6CE7-459F-A0D0-D28B848FAEFA}.sciBASIC.NET-test-release|x64.Build.0 = Debug|x64
		{938D8D8B-6CE7-459F-A0D0-D28B848FAEFA}.sciBASIC.NET-test-release|x86.ActiveCfg = Debug|Any CPU
		{938D8D8B-6CE7-459F-A0D0-D28B848FAEFA}.sciBASIC.NET-test-release|x86.Build.0 = Debug|Any CPU
		{938D8D8B-6CE7-459F-A0D0-D28B848FAEFA}.Surveillance-of-infectious-diseases|Any CPU.ActiveCfg = Debug|Any CPU
		{938D8D8B-6CE7-459F-A0D0-D28B848FAEFA}.Surveillance-of-infectious-diseases|Any CPU.Build.0 = Debug|Any CPU
		{938D8D8B-6CE7-459F-A0D0-D28B848FAEFA}.Surveillance-of-infectious-diseases|x64.ActiveCfg = Debug|x64
		{938D8D8B-6CE7-459F-A0D0-D28B848FAEFA}.Surveillance-of-infectious-diseases|x64.Build.0 = Debug|x64
		{938D8D8B-6CE7-459F-A0D0-D28B848FAEFA}.Surveillance-of-infectious-diseases|x86.ActiveCfg = Debug|Any CPU
		{938D8D8B-6CE7-459F-A0D0-D28B848FAEFA}.Surveillance-of-infectious-diseases|x86.Build.0 = Debug|Any CPU
		{938D8D8B-6CE7-459F-A0D0-D28B848FAEFA}.test|Any CPU.ActiveCfg = Debug|Any CPU
		{938D8D8B-6CE7-459F-A0D0-D28B848FAEFA}.test|Any CPU.Build.0 = Debug|Any CPU
		{938D8D8B-6CE7-459F-A0D0-D28B848FAEFA}.test|x64.ActiveCfg = Debug|x64
		{938D8D8B-6CE7-459F-A0D0-D28B848FAEFA}.test|x64.Build.0 = Debug|x64
		{938D8D8B-6CE7-459F-A0D0-D28B848FAEFA}.test|x86.ActiveCfg = Debug|Any CPU
		{938D8D8B-6CE7-459F-A0D0-D28B848FAEFA}.test|x86.Build.0 = Debug|Any CPU
		{938D8D8B-6CE7-459F-A0D0-D28B848FAEFA}.WebAssembly|Any CPU.ActiveCfg = Debug|Any CPU
		{938D8D8B-6CE7-459F-A0D0-D28B848FAEFA}.WebAssembly|Any CPU.Build.0 = Debug|Any CPU
		{938D8D8B-6CE7-459F-A0D0-D28B848FAEFA}.WebAssembly|x64.ActiveCfg = Debug|x64
		{938D8D8B-6CE7-459F-A0D0-D28B848FAEFA}.WebAssembly|x64.Build.0 = Debug|x64
		{938D8D8B-6CE7-459F-A0D0-D28B848FAEFA}.WebAssembly|x86.ActiveCfg = Debug|Any CPU
		{938D8D8B-6CE7-459F-A0D0-D28B848FAEFA}.WebAssembly|x86.Build.0 = Debug|Any CPU
		{938D8D8B-6CE7-459F-A0D0-D28B848FAEFA}.Yilia-Release_x64|Any CPU.ActiveCfg = Release|Any CPU
		{938D8D8B-6CE7-459F-A0D0-D28B848FAEFA}.Yilia-Release_x64|Any CPU.Build.0 = Release|Any CPU
		{938D8D8B-6CE7-459F-A0D0-D28B848FAEFA}.Yilia-Release_x64|x64.ActiveCfg = Release|x64
		{938D8D8B-6CE7-459F-A0D0-D28B848FAEFA}.Yilia-Release_x64|x64.Build.0 = Release|x64
		{938D8D8B-6CE7-459F-A0D0-D28B848FAEFA}.Yilia-Release_x64|x86.ActiveCfg = Release|Any CPU
		{938D8D8B-6CE7-459F-A0D0-D28B848FAEFA}.Yilia-Release_x64|x86.Build.0 = Release|Any CPU
	EndGlobalSection
	GlobalSection(SolutionProperties) = preSolution
		HideSolutionNode = FALSE
	EndGlobalSection
	GlobalSection(NestedProjects) = preSolution
		{86C2F542-1A58-4401-A47A-A6450BE77FDD} = {0117399F-5620-4AD1-BD14-AFC06CE13191}
		{61B806AA-0F52-4E7F-B458-0A6DDC633687} = {0117399F-5620-4AD1-BD14-AFC06CE13191}
	EndGlobalSection
	GlobalSection(ExtensibilityGlobals) = postSolution
		SolutionGuid = {2D3D6ECD-7EA8-45BC-ADAC-7353ABE3BF64}
	EndGlobalSection
EndGlobal
